
Microsoft Visual Studio Solution File, Format Version 11.00
# Visual Studio 2010
Project("{FAE04EC0-301F-11D3-BF4B-00C04F79EFBC}") = "MixEmul", "MixEmul\MixEmul.csproj", "{3CE2CBD5-6C29-437B-844B-A32C1029128A}"
EndProject
Project("{FAE04EC0-301F-11D3-BF4B-00C04F79EFBC}") = "MixAssembler", "MixAssembler\MixAssembler.csproj", "{8947C313-9E7E-4558-A9C1-DCB59F4C32E2}"
EndProject
Project("{FAE04EC0-301F-11D3-BF4B-00C04F79EFBC}") = "MixLib", "MixLib\MixLib.csproj", "{5865F55B-9F09-47FC-8DB6-84AF7B5990EE}"
EndProject
Global
	GlobalSection(SolutionConfigurationPlatforms) = preSolution
		Debug|Any CPU = Debug|Any CPU
		Release|Any CPU = Release|Any CPU
	EndGlobalSection
	GlobalSection(ProjectConfigurationPlatforms) = postSolution
		{3CE2CBD5-6C29-437B-844B-A32C1029128A}.Debug|Any CPU.ActiveCfg = Debug|Any CPU
		{3CE2CBD5-6C29-437B-844B-A32C1029128A}.Debug|Any CPU.Build.0 = Debug|Any CPU
		{3CE2CBD5-6C29-437B-844B-A32C1029128A}.Release|Any CPU.ActiveCfg = Release|Any CPU
		{3CE2CBD5-6C29-437B-844B-A32C1029128A}.Release|Any CPU.Build.0 = Release|Any CPU
		{8947C313-9E7E-4558-A9C1-DCB59F4C32E2}.Debug|Any CPU.ActiveCfg = Debug|Any CPU
		{8947C313-9E7E-4558-A9C1-DCB59F4C32E2}.Debug|Any CPU.Build.0 = Debug|Any CPU
		{8947C313-9E7E-4558-A9C1-DCB59F4C32E2}.Release|Any CPU.ActiveCfg = Release|Any CPU
		{8947C313-9E7E-4558-A9C1-DCB59F4C32E2}.Release|Any CPU.Build.0 = Release|Any CPU
		{5865F55B-9F09-47FC-8DB6-84AF7B5990EE}.Debug|Any CPU.ActiveCfg = Debug|Any CPU
		{5865F55B-9F09-47FC-8DB6-84AF7B5990EE}.Debug|Any CPU.Build.0 = Debug|Any CPU
		{5865F55B-9F09-47FC-8DB6-84AF7B5990EE}.Release|Any CPU.ActiveCfg = Release|Any CPU
		{5865F55B-9F09-47FC-8DB6-84AF7B5990EE}.Release|Any CPU.Build.0 = Release|Any CPU
	EndGlobalSection
	GlobalSection(SolutionProperties) = preSolution
		HideSolutionNode = FALSE
	EndGlobalSection
EndGlobal
